// !$*UTF8*$!
{
	archiveVersion = 1;
	classes = {
	};
	objectVersion = 50;
	objects = {

/* Begin PBXBuildFile section */
		D920CE3926AA5D44009EB42B /* GEmojiPickerProjectApp.swift in Sources */ = {isa = PBXBuildFile; fileRef = D920CE2626AA5D3F009EB42B /* GEmojiPickerProjectApp.swift */; };
		D920CE3A26AA5D44009EB42B /* GEmojiPickerProjectApp.swift in Sources */ = {isa = PBXBuildFile; fileRef = D920CE2626AA5D3F009EB42B /* GEmojiPickerProjectApp.swift */; };
		D920CE3B26AA5D44009EB42B /* ContentView.swift in Sources */ = {isa = PBXBuildFile; fileRef = D920CE2726AA5D3F009EB42B /* ContentView.swift */; };
		D920CE3C26AA5D44009EB42B /* ContentView.swift in Sources */ = {isa = PBXBuildFile; fileRef = D920CE2726AA5D3F009EB42B /* ContentView.swift */; };
		D920CE3D26AA5D44009EB42B /* Assets.xcassets in Resources */ = {isa = PBXBuildFile; fileRef = D920CE2826AA5D44009EB42B /* Assets.xcassets */; };
		D920CE3E26AA5D45009EB42B /* Assets.xcassets in Resources */ = {isa = PBXBuildFile; fileRef = D920CE2826AA5D44009EB42B /* Assets.xcassets */; };
		D920CE4826AA5D53009EB42B /* EmojiSection.swift in Sources */ = {isa = PBXBuildFile; fileRef = D920CE4726AA5D53009EB42B /* EmojiSection.swift */; };
		D920CE4926AA5D53009EB42B /* EmojiSection.swift in Sources */ = {isa = PBXBuildFile; fileRef = D920CE4726AA5D53009EB42B /* EmojiSection.swift */; };
		D920CE4B26AA5D6D009EB42B /* Emoji.swift in Sources */ = {isa = PBXBuildFile; fileRef = D920CE4A26AA5D6D009EB42B /* Emoji.swift */; };
		D920CE4C26AA5D6D009EB42B /* Emoji.swift in Sources */ = {isa = PBXBuildFile; fileRef = D920CE4A26AA5D6D009EB42B /* Emoji.swift */; };
		D920CE4E26AA5D75009EB42B /* UserDefaults.swift in Sources */ = {isa = PBXBuildFile; fileRef = D920CE4D26AA5D75009EB42B /* UserDefaults.swift */; };
		D920CE4F26AA5D75009EB42B /* UserDefaults.swift in Sources */ = {isa = PBXBuildFile; fileRef = D920CE4D26AA5D75009EB42B /* UserDefaults.swift */; };
		D920CE5226AA5DAE009EB42B /* emoji.json in Resources */ = {isa = PBXBuildFile; fileRef = D920CE5126AA5DAE009EB42B /* emoji.json */; };
		D920CE5326AA5DAE009EB42B /* emoji.json in Resources */ = {isa = PBXBuildFile; fileRef = D920CE5126AA5DAE009EB42B /* emoji.json */; };
		D9EEFDF126AA9F540084F8F9 /* Constants.swift in Sources */ = {isa = PBXBuildFile; fileRef = D9EEFDF026AA9F540084F8F9 /* Constants.swift */; };
		D9EEFDF326AA9F720084F8F9 /* EmojiPicker.swift in Sources */ = {isa = PBXBuildFile; fileRef = D9EEFDF226AA9F720084F8F9 /* EmojiPicker.swift */; };
		D9EEFDF526AA9FA00084F8F9 /* SearchBar.swift in Sources */ = {isa = PBXBuildFile; fileRef = D9EEFDF426AA9FA00084F8F9 /* SearchBar.swift */; };
		D9EEFDF726AA9FC70084F8F9 /* MainContent.swift in Sources */ = {isa = PBXBuildFile; fileRef = D9EEFDF626AA9FC70084F8F9 /* MainContent.swift */; };
		D9EEFDF926AA9FF80084F8F9 /* SharedState.swift in Sources */ = {isa = PBXBuildFile; fileRef = D9EEFDF826AA9FF80084F8F9 /* SharedState.swift */; };
		D9EEFDFB26AAA0BA0084F8F9 /* Keyboard.swift in Sources */ = {isa = PBXBuildFile; fileRef = D9EEFDFA26AAA0BA0084F8F9 /* Keyboard.swift */; };
		D9EEFDFE26AAA0F10084F8F9 /* SelectionIndexPicker.swift in Sources */ = {isa = PBXBuildFile; fileRef = D9EEFDFD26AAA0F10084F8F9 /* SelectionIndexPicker.swift */; };
		D9EEFE0726AAA5EF0084F8F9 /* EmojiPicker.swift in Sources */ = {isa = PBXBuildFile; fileRef = D9EEFDFF26AAA1410084F8F9 /* EmojiPicker.swift */; };
		D9EEFE0826AAA5F20084F8F9 /* SearchBar.swift in Sources */ = {isa = PBXBuildFile; fileRef = D9EEFE0126AAA16C0084F8F9 /* SearchBar.swift */; };
		D9EEFE0A26AAA5F60084F8F9 /* OffsetObserver.swift in Sources */ = {isa = PBXBuildFile; fileRef = D9EEFE0326AAA1800084F8F9 /* OffsetObserver.swift */; };
		D9EEFE0B26AAA5F90084F8F9 /* TagButton.swift in Sources */ = {isa = PBXBuildFile; fileRef = D9EEFE0526AAA1940084F8F9 /* TagButton.swift */; };
		D9EEFE0C26AAA6140084F8F9 /* SharedState.swift in Sources */ = {isa = PBXBuildFile; fileRef = D9EEFDF826AA9FF80084F8F9 /* SharedState.swift */; };
		D9EEFE0D26AAA6570084F8F9 /* SelectionIndexPicker.swift in Sources */ = {isa = PBXBuildFile; fileRef = D9EEFDFD26AAA0F10084F8F9 /* SelectionIndexPicker.swift */; };
/* End PBXBuildFile section */

/* Begin PBXFileReference section */
		D920CE2626AA5D3F009EB42B /* GEmojiPickerProjectApp.swift */ = {isa = PBXFileReference; lastKnownFileType = sourcecode.swift; path = GEmojiPickerProjectApp.swift; sourceTree = "<group>"; };
		D920CE2726AA5D3F009EB42B /* ContentView.swift */ = {isa = PBXFileReference; lastKnownFileType = sourcecode.swift; path = ContentView.swift; sourceTree = "<group>"; };
		D920CE2826AA5D44009EB42B /* Assets.xcassets */ = {isa = PBXFileReference; lastKnownFileType = folder.assetcatalog; path = Assets.xcassets; sourceTree = "<group>"; };
		D920CE2D26AA5D44009EB42B /* GEmojiPickerProject.app */ = {isa = PBXFileReference; explicitFileType = wrapper.application; includeInIndex = 0; path = GEmojiPickerProject.app; sourceTree = BUILT_PRODUCTS_DIR; };
		D920CE3026AA5D44009EB42B /* Info.plist */ = {isa = PBXFileReference; lastKnownFileType = text.plist.xml; path = Info.plist; sourceTree = "<group>"; };
		D920CE3526AA5D44009EB42B /* GEmojiPickerProject.app */ = {isa = PBXFileReference; explicitFileType = wrapper.application; includeInIndex = 0; path = GEmojiPickerProject.app; sourceTree = BUILT_PRODUCTS_DIR; };
		D920CE3726AA5D44009EB42B /* Info.plist */ = {isa = PBXFileReference; lastKnownFileType = text.plist.xml; path = Info.plist; sourceTree = "<group>"; };
		D920CE3826AA5D44009EB42B /* macOS.entitlements */ = {isa = PBXFileReference; lastKnownFileType = text.plist.entitlements; path = macOS.entitlements; sourceTree = "<group>"; };
		D920CE4726AA5D53009EB42B /* EmojiSection.swift */ = {isa = PBXFileReference; lastKnownFileType = sourcecode.swift; path = EmojiSection.swift; sourceTree = "<group>"; };
		D920CE4A26AA5D6D009EB42B /* Emoji.swift */ = {isa = PBXFileReference; lastKnownFileType = sourcecode.swift; path = Emoji.swift; sourceTree = "<group>"; };
		D920CE4D26AA5D75009EB42B /* UserDefaults.swift */ = {isa = PBXFileReference; lastKnownFileType = sourcecode.swift; path = UserDefaults.swift; sourceTree = "<group>"; };
		D920CE5126AA5DAE009EB42B /* emoji.json */ = {isa = PBXFileReference; fileEncoding = 4; lastKnownFileType = text.json; path = emoji.json; sourceTree = "<group>"; };
		D9EEFDF026AA9F540084F8F9 /* Constants.swift */ = {isa = PBXFileReference; lastKnownFileType = sourcecode.swift; path = Constants.swift; sourceTree = "<group>"; };
		D9EEFDF226AA9F720084F8F9 /* EmojiPicker.swift */ = {isa = PBXFileReference; lastKnownFileType = sourcecode.swift; path = EmojiPicker.swift; sourceTree = "<group>"; };
		D9EEFDF426AA9FA00084F8F9 /* SearchBar.swift */ = {isa = PBXFileReference; lastKnownFileType = sourcecode.swift; path = SearchBar.swift; sourceTree = "<group>"; };
		D9EEFDF626AA9FC70084F8F9 /* MainContent.swift */ = {isa = PBXFileReference; lastKnownFileType = sourcecode.swift; path = MainContent.swift; sourceTree = "<group>"; };
		D9EEFDF826AA9FF80084F8F9 /* SharedState.swift */ = {isa = PBXFileReference; lastKnownFileType = sourcecode.swift; path = SharedState.swift; sourceTree = "<group>"; };
		D9EEFDFA26AAA0BA0084F8F9 /* Keyboard.swift */ = {isa = PBXFileReference; lastKnownFileType = sourcecode.swift; path = Keyboard.swift; sourceTree = "<group>"; };
		D9EEFDFD26AAA0F10084F8F9 /* SelectionIndexPicker.swift */ = {isa = PBXFileReference; lastKnownFileType = sourcecode.swift; path = SelectionIndexPicker.swift; sourceTree = "<group>"; };
		D9EEFDFF26AAA1410084F8F9 /* EmojiPicker.swift */ = {isa = PBXFileReference; lastKnownFileType = sourcecode.swift; path = EmojiPicker.swift; sourceTree = "<group>"; };
		D9EEFE0126AAA16C0084F8F9 /* SearchBar.swift */ = {isa = PBXFileReference; lastKnownFileType = sourcecode.swift; path = SearchBar.swift; sourceTree = "<group>"; };
		D9EEFE0326AAA1800084F8F9 /* OffsetObserver.swift */ = {isa = PBXFileReference; lastKnownFileType = sourcecode.swift; path = OffsetObserver.swift; sourceTree = "<group>"; };
		D9EEFE0526AAA1940084F8F9 /* TagButton.swift */ = {isa = PBXFileReference; lastKnownFileType = sourcecode.swift; path = TagButton.swift; sourceTree = "<group>"; };
/* End PBXFileReference section */

/* Begin PBXFrameworksBuildPhase section */
		D920CE2A26AA5D44009EB42B /* Frameworks */ = {
			isa = PBXFrameworksBuildPhase;
			buildActionMask = 2147483647;
			files = (
			);
			runOnlyForDeploymentPostprocessing = 0;
		};
		D920CE3226AA5D44009EB42B /* Frameworks */ = {
			isa = PBXFrameworksBuildPhase;
			buildActionMask = 2147483647;
			files = (
			);
			runOnlyForDeploymentPostprocessing = 0;
		};
/* End PBXFrameworksBuildPhase section */

/* Begin PBXGroup section */
		D920CE2026AA5D3F009EB42B = {
			isa = PBXGroup;
			children = (
				D920CE2526AA5D3F009EB42B /* Shared */,
				D920CE2F26AA5D44009EB42B /* iOS */,
				D920CE3626AA5D44009EB42B /* macOS */,
				D920CE2E26AA5D44009EB42B /* Products */,
			);
			sourceTree = "<group>";
		};
		D920CE2526AA5D3F009EB42B /* Shared */ = {
			isa = PBXGroup;
			children = (
				D920CE5026AA5D86009EB42B /* Resource */,
				D920CE2626AA5D3F009EB42B /* GEmojiPickerProjectApp.swift */,
				D920CE2726AA5D3F009EB42B /* ContentView.swift */,
				D920CE4726AA5D53009EB42B /* EmojiSection.swift */,
				D920CE4A26AA5D6D009EB42B /* Emoji.swift */,
				D9EEFDFD26AAA0F10084F8F9 /* SelectionIndexPicker.swift */,
				D920CE4D26AA5D75009EB42B /* UserDefaults.swift */,
				D9EEFDF826AA9FF80084F8F9 /* SharedState.swift */,
				D920CE2826AA5D44009EB42B /* Assets.xcassets */,
			);
			path = Shared;
			sourceTree = "<group>";
		};
		D920CE2E26AA5D44009EB42B /* Products */ = {
			isa = PBXGroup;
			children = (
				D920CE2D26AA5D44009EB42B /* GEmojiPickerProject.app */,
				D920CE3526AA5D44009EB42B /* GEmojiPickerProject.app */,
			);
			name = Products;
			sourceTree = "<group>";
		};
		D920CE2F26AA5D44009EB42B /* iOS */ = {
			isa = PBXGroup;
			children = (
				D9EEFDF026AA9F540084F8F9 /* Constants.swift */,
				D9EEFDF226AA9F720084F8F9 /* EmojiPicker.swift */,
				D9EEFDF426AA9FA00084F8F9 /* SearchBar.swift */,
				D9EEFDFC26AAA0BF0084F8F9 /* Extension */,
				D9EEFDF626AA9FC70084F8F9 /* MainContent.swift */,
				D920CE3026AA5D44009EB42B /* Info.plist */,
			);
			path = iOS;
			sourceTree = "<group>";
		};
		D920CE3626AA5D44009EB42B /* macOS */ = {
			isa = PBXGroup;
			children = (
				D920CE3726AA5D44009EB42B /* Info.plist */,
				D920CE3826AA5D44009EB42B /* macOS.entitlements */,
				D9EEFDFF26AAA1410084F8F9 /* EmojiPicker.swift */,
				D9EEFE0126AAA16C0084F8F9 /* SearchBar.swift */,
				D9EEFE0326AAA1800084F8F9 /* OffsetObserver.swift */,
				D9EEFE0526AAA1940084F8F9 /* TagButton.swift */,
			);
			path = macOS;
			sourceTree = "<group>";
		};
		D920CE5026AA5D86009EB42B /* Resource */ = {
			isa = PBXGroup;
			children = (
				D920CE5126AA5DAE009EB42B /* emoji.json */,
			);
			path = Resource;
			sourceTree = "<group>";
		};
		D9EEFDFC26AAA0BF0084F8F9 /* Extension */ = {
			isa = PBXGroup;
			children = (
				D9EEFDFA26AAA0BA0084F8F9 /* Keyboard.swift */,
			);
			path = Extension;
			sourceTree = "<group>";
		};
/* End PBXGroup section */

/* Begin PBXNativeTarget section */
		D920CE2C26AA5D44009EB42B /* GEmojiPickerProject (iOS) */ = {
			isa = PBXNativeTarget;
			buildConfigurationList = D920CE4126AA5D45009EB42B /* Build configuration list for PBXNativeTarget "GEmojiPickerProject (iOS)" */;
			buildPhases = (
				D920CE2926AA5D44009EB42B /* Sources */,
				D920CE2A26AA5D44009EB42B /* Frameworks */,
				D920CE2B26AA5D44009EB42B /* Resources */,
			);
			buildRules = (
			);
			dependencies = (
			);
			name = "GEmojiPickerProject (iOS)";
			productName = "GEmojiPickerProject (iOS)";
			productReference = D920CE2D26AA5D44009EB42B /* GEmojiPickerProject.app */;
			productType = "com.apple.product-type.application";
		};
		D920CE3426AA5D44009EB42B /* GEmojiPickerProject (macOS) */ = {
			isa = PBXNativeTarget;
			buildConfigurationList = D920CE4426AA5D45009EB42B /* Build configuration list for PBXNativeTarget "GEmojiPickerProject (macOS)" */;
			buildPhases = (
				D920CE3126AA5D44009EB42B /* Sources */,
				D920CE3226AA5D44009EB42B /* Frameworks */,
				D920CE3326AA5D44009EB42B /* Resources */,
			);
			buildRules = (
			);
			dependencies = (
			);
			name = "GEmojiPickerProject (macOS)";
			productName = "GEmojiPickerProject (macOS)";
			productReference = D920CE3526AA5D44009EB42B /* GEmojiPickerProject.app */;
			productType = "com.apple.product-type.application";
		};
/* End PBXNativeTarget section */

/* Begin PBXProject section */
		D920CE2126AA5D3F009EB42B /* Project object */ = {
			isa = PBXProject;
			attributes = {
				LastSwiftUpdateCheck = 1250;
				LastUpgradeCheck = 1250;
				TargetAttributes = {
					D920CE2C26AA5D44009EB42B = {
						CreatedOnToolsVersion = 12.5.1;
					};
					D920CE3426AA5D44009EB42B = {
						CreatedOnToolsVersion = 12.5.1;
					};
				};
			};
			buildConfigurationList = D920CE2426AA5D3F009EB42B /* Build configuration list for PBXProject "GEmojiPickerProject" */;
			compatibilityVersion = "Xcode 9.3";
			developmentRegion = en;
			hasScannedForEncodings = 0;
			knownRegions = (
				en,
				Base,
			);
			mainGroup = D920CE2026AA5D3F009EB42B;
			productRefGroup = D920CE2E26AA5D44009EB42B /* Products */;
			projectDirPath = "";
			projectRoot = "";
			targets = (
				D920CE2C26AA5D44009EB42B /* GEmojiPickerProject (iOS) */,
				D920CE3426AA5D44009EB42B /* GEmojiPickerProject (macOS) */,
			);
		};
/* End PBXProject section */

/* Begin PBXResourcesBuildPhase section */
		D920CE2B26AA5D44009EB42B /* Resources */ = {
			isa = PBXResourcesBuildPhase;
			buildActionMask = 2147483647;
			files = (
				D920CE5226AA5DAE009EB42B /* emoji.json in Resources */,
				D920CE3D26AA5D44009EB42B /* Assets.xcassets in Resources */,
			);
			runOnlyForDeploymentPostprocessing = 0;
		};
		D920CE3326AA5D44009EB42B /* Resources */ = {
			isa = PBXResourcesBuildPhase;
			buildActionMask = 2147483647;
			files = (
				D920CE5326AA5DAE009EB42B /* emoji.json in Resources */,
				D920CE3E26AA5D45009EB42B /* Assets.xcassets in Resources */,
			);
			runOnlyForDeploymentPostprocessing = 0;
		};
/* End PBXResourcesBuildPhase section */

/* Begin PBXSourcesBuildPhase section */
		D920CE2926AA5D44009EB42B /* Sources */ = {
			isa = PBXSourcesBuildPhase;
			buildActionMask = 2147483647;
			files = (
				D920CE4826AA5D53009EB42B /* EmojiSection.swift in Sources */,
				D920CE4E26AA5D75009EB42B /* UserDefaults.swift in Sources */,
				D920CE3B26AA5D44009EB42B /* ContentView.swift in Sources */,
				D9EEFDFB26AAA0BA0084F8F9 /* Keyboard.swift in Sources */,
				D920CE4B26AA5D6D009EB42B /* Emoji.swift in Sources */,
				D9EEFDF726AA9FC70084F8F9 /* MainContent.swift in Sources */,
				D920CE3926AA5D44009EB42B /* GEmojiPickerProjectApp.swift in Sources */,
				D9EEFDF526AA9FA00084F8F9 /* SearchBar.swift in Sources */,
				D9EEFDF126AA9F540084F8F9 /* Constants.swift in Sources */,
				D9EEFDFE26AAA0F10084F8F9 /* SelectionIndexPicker.swift in Sources */,
				D9EEFDF926AA9FF80084F8F9 /* SharedState.swift in Sources */,
				D9EEFDF326AA9F720084F8F9 /* EmojiPicker.swift in Sources */,
			);
			runOnlyForDeploymentPostprocessing = 0;
		};
		D920CE3126AA5D44009EB42B /* Sources */ = {
			isa = PBXSourcesBuildPhase;
			buildActionMask = 2147483647;
			files = (
				D9EEFE0B26AAA5F90084F8F9 /* TagButton.swift in Sources */,
				D9EEFE0826AAA5F20084F8F9 /* SearchBar.swift in Sources */,
				D920CE4926AA5D53009EB42B /* EmojiSection.swift in Sources */,
				D920CE4F26AA5D75009EB42B /* UserDefaults.swift in Sources */,
				D920CE3C26AA5D44009EB42B /* ContentView.swift in Sources */,
				D9EEFE0D26AAA6570084F8F9 /* SelectionIndexPicker.swift in Sources */,
				D920CE4C26AA5D6D009EB42B /* Emoji.swift in Sources */,
				D9EEFE0726AAA5EF0084F8F9 /* EmojiPicker.swift in Sources */,
				D9EEFE0A26AAA5F60084F8F9 /* OffsetObserver.swift in Sources */,
				D9EEFE0C26AAA6140084F8F9 /* SharedState.swift in Sources */,
				D920CE3A26AA5D44009EB42B /* GEmojiPickerProjectApp.swift in Sources */,
			);
			runOnlyForDeploymentPostprocessing = 0;
		};
/* End PBXSourcesBuildPhase section */

/* Begin XCBuildConfiguration section */
		D920CE3F26AA5D45009EB42B /* Debug */ = {
			isa = XCBuildConfiguration;
			buildSettings = {
				ALWAYS_SEARCH_USER_PATHS = NO;
				CLANG_ANALYZER_NONNULL = YES;
				CLANG_ANALYZER_NUMBER_OBJECT_CONVERSION = YES_AGGRESSIVE;
				CLANG_CXX_LANGUAGE_STANDARD = "gnu++14";
				CLANG_CXX_LIBRARY = "libc++";
				CLANG_ENABLE_MODULES = YES;
				CLANG_ENABLE_OBJC_ARC = YES;
				CLANG_ENABLE_OBJC_WEAK = YES;
				CLANG_WARN_BLOCK_CAPTURE_AUTORELEASING = YES;
				CLANG_WARN_BOOL_CONVERSION = YES;
				CLANG_WARN_COMMA = YES;
				CLANG_WARN_CONSTANT_CONVERSION = YES;
				CLANG_WARN_DEPRECATED_OBJC_IMPLEMENTATIONS = YES;
				CLANG_WARN_DIRECT_OBJC_ISA_USAGE = YES_ERROR;
				CLANG_WARN_DOCUMENTATION_COMMENTS = YES;
				CLANG_WARN_EMPTY_BODY = YES;
				CLANG_WARN_ENUM_CONVERSION = YES;
				CLANG_WARN_INFINITE_RECURSION = YES;
				CLANG_WARN_INT_CONVERSION = YES;
				CLANG_WARN_NON_LITERAL_NULL_CONVERSION = YES;
				CLANG_WARN_OBJC_IMPLICIT_RETAIN_SELF = YES;
				CLANG_WARN_OBJC_LITERAL_CONVERSION = YES;
				CLANG_WARN_OBJC_ROOT_CLASS = YES_ERROR;
				CLANG_WARN_QUOTED_INCLUDE_IN_FRAMEWORK_HEADER = YES;
				CLANG_WARN_RANGE_LOOP_ANALYSIS = YES;
				CLANG_WARN_STRICT_PROTOTYPES = YES;
				CLANG_WARN_SUSPICIOUS_MOVE = YES;
				CLANG_WARN_UNGUARDED_AVAILABILITY = YES_AGGRESSIVE;
				CLANG_WARN_UNREACHABLE_CODE = YES;
				CLANG_WARN__DUPLICATE_METHOD_MATCH = YES;
				COPY_PHASE_STRIP = NO;
				DEBUG_INFORMATION_FORMAT = dwarf;
				ENABLE_STRICT_OBJC_MSGSEND = YES;
				ENABLE_TESTABILITY = YES;
				GCC_C_LANGUAGE_STANDARD = gnu11;
				GCC_DYNAMIC_NO_PIC = NO;
				GCC_NO_COMMON_BLOCKS = YES;
				GCC_OPTIMIZATION_LEVEL = 0;
				GCC_PREPROCESSOR_DEFINITIONS = (
					"DEBUG=1",
					"$(inherited)",
				);
				GCC_WARN_64_TO_32_BIT_CONVERSION = YES;
				GCC_WARN_ABOUT_RETURN_TYPE = YES_ERROR;
				GCC_WARN_UNDECLARED_SELECTOR = YES;
				GCC_WARN_UNINITIALIZED_AUTOS = YES_AGGRESSIVE;
				GCC_WARN_UNUSED_FUNCTION = YES;
				GCC_WARN_UNUSED_VARIABLE = YES;
				MTL_ENABLE_DEBUG_INFO = INCLUDE_SOURCE;
				MTL_FAST_MATH = YES;
				ONLY_ACTIVE_ARCH = YES;
				SWIFT_ACTIVE_COMPILATION_CONDITIONS = DEBUG;
				SWIFT_OPTIMIZATION_LEVEL = "-Onone";
			};
			name = Debug;
		};
		D920CE4026AA5D45009EB42B /* Release */ = {
			isa = XCBuildConfiguration;
			buildSettings = {
				ALWAYS_SEARCH_USER_PATHS = NO;
				CLANG_ANALYZER_NONNULL = YES;
				CLANG_ANALYZER_NUMBER_OBJECT_CONVERSION = YES_AGGRESSIVE;
				CLANG_CXX_LANGUAGE_STANDARD = "gnu++14";
				CLANG_CXX_LIBRARY = "libc++";
				CLANG_ENABLE_MODULES = YES;
				CLANG_ENABLE_OBJC_ARC = YES;
				CLANG_ENABLE_OBJC_WEAK = YES;
				CLANG_WARN_BLOCK_CAPTURE_AUTORELEASING = YES;
				CLANG_WARN_BOOL_CONVERSION = YES;
				CLANG_WARN_COMMA = YES;
				CLANG_WARN_CONSTANT_CONVERSION = YES;
				CLANG_WARN_DEPRECATED_OBJC_IMPLEMENTATIONS = YES;
				CLANG_WARN_DIRECT_OBJC_ISA_USAGE = YES_ERROR;
				CLANG_WARN_DOCUMENTATION_COMMENTS = YES;
				CLANG_WARN_EMPTY_BODY = YES;
				CLANG_WARN_ENUM_CONVERSION = YES;
				CLANG_WARN_INFINITE_RECURSION = YES;
				CLANG_WARN_INT_CONVERSION = YES;
				CLANG_WARN_NON_LITERAL_NULL_CONVERSION = YES;
				CLANG_WARN_OBJC_IMPLICIT_RETAIN_SELF = YES;
				CLANG_WARN_OBJC_LITERAL_CONVERSION = YES;
				CLANG_WARN_OBJC_ROOT_CLASS = YES_ERROR;
				CLANG_WARN_QUOTED_INCLUDE_IN_FRAMEWORK_HEADER = YES;
				CLANG_WARN_RANGE_LOOP_ANALYSIS = YES;
				CLANG_WARN_STRICT_PROTOTYPES = YES;
				CLANG_WARN_SUSPICIOUS_MOVE = YES;
				CLANG_WARN_UNGUARDED_AVAILABILITY = YES_AGGRESSIVE;
				CLANG_WARN_UNREACHABLE_CODE = YES;
				CLANG_WARN__DUPLICATE_METHOD_MATCH = YES;
				COPY_PHASE_STRIP = NO;
				DEBUG_INFORMATION_FORMAT = "dwarf-with-dsym";
				ENABLE_NS_ASSERTIONS = NO;
				ENABLE_STRICT_OBJC_MSGSEND = YES;
				GCC_C_LANGUAGE_STANDARD = gnu11;
				GCC_NO_COMMON_BLOCKS = YES;
				GCC_WARN_64_TO_32_BIT_CONVERSION = YES;
				GCC_WARN_ABOUT_RETURN_TYPE = YES_ERROR;
				GCC_WARN_UNDECLARED_SELECTOR = YES;
				GCC_WARN_UNINITIALIZED_AUTOS = YES_AGGRESSIVE;
				GCC_WARN_UNUSED_FUNCTION = YES;
				GCC_WARN_UNUSED_VARIABLE = YES;
				MTL_ENABLE_DEBUG_INFO = NO;
				MTL_FAST_MATH = YES;
				SWIFT_COMPILATION_MODE = wholemodule;
				SWIFT_OPTIMIZATION_LEVEL = "-O";
			};
			name = Release;
		};
		D920CE4226AA5D45009EB42B /* Debug */ = {
			isa = XCBuildConfiguration;
			buildSettings = {
				ASSETCATALOG_COMPILER_APPICON_NAME = AppIcon;
				ASSETCATALOG_COMPILER_GLOBAL_ACCENT_COLOR_NAME = AccentColor;
				CODE_SIGN_STYLE = Automatic;
				DEVELOPMENT_TEAM = C2JSJLJ4FN;
				ENABLE_PREVIEWS = YES;
				INFOPLIST_FILE = iOS/Info.plist;
				IPHONEOS_DEPLOYMENT_TARGET = 14.0;
				LD_RUNPATH_SEARCH_PATHS = (
					"$(inherited)",
					"@executable_path/Frameworks",
				);
				PRODUCT_BUNDLE_IDENTIFIER = com.jeonggo.GEmojiPickerProject;
				PRODUCT_NAME = GEmojiPickerProject;
				SDKROOT = iphoneos;
				SWIFT_VERSION = 5.0;
				TARGETED_DEVICE_FAMILY = "1,2";
			};
			name = Debug;
		};
		D920CE4326AA5D45009EB42B /* Release */ = {
			isa = XCBuildConfiguration;
			buildSettings = {
				ASSETCATALOG_COMPILER_APPICON_NAME = AppIcon;
				ASSETCATALOG_COMPILER_GLOBAL_ACCENT_COLOR_NAME = AccentColor;
				CODE_SIGN_STYLE = Automatic;
				DEVELOPMENT_TEAM = C2JSJLJ4FN;
				ENABLE_PREVIEWS = YES;
				INFOPLIST_FILE = iOS/Info.plist;
				IPHONEOS_DEPLOYMENT_TARGET = 14.0;
				LD_RUNPATH_SEARCH_PATHS = (
					"$(inherited)",
					"@executable_path/Frameworks",
				);
				PRODUCT_BUNDLE_IDENTIFIER = com.jeonggo.GEmojiPickerProject;
				PRODUCT_NAME = GEmojiPickerProject;
				SDKROOT = iphoneos;
				SWIFT_VERSION = 5.0;
				TARGETED_DEVICE_FAMILY = "1,2";
				VALIDATE_PRODUCT = YES;
			};
			name = Release;
		};
		D920CE4526AA5D45009EB42B /* Debug */ = {
			isa = XCBuildConfiguration;
			buildSettings = {
				ASSETCATALOG_COMPILER_APPICON_NAME = AppIcon;
				ASSETCATALOG_COMPILER_GLOBAL_ACCENT_COLOR_NAME = AccentColor;
				CODE_SIGN_ENTITLEMENTS = macOS/macOS.entitlements;
				CODE_SIGN_STYLE = Automatic;
				COMBINE_HIDPI_IMAGES = YES;
				DEVELOPMENT_TEAM = C2JSJLJ4FN;
				ENABLE_HARDENED_RUNTIME = YES;
				ENABLE_PREVIEWS = YES;
				INFOPLIST_FILE = macOS/Info.plist;
				LD_RUNPATH_SEARCH_PATHS = (
					"$(inherited)",
					"@executable_path/../Frameworks",
				);
				MACOSX_DEPLOYMENT_TARGET = 11.0;
				PRODUCT_BUNDLE_IDENTIFIER = com.jeonggo.GEmojiPickerProject;
				PRODUCT_NAME = GEmojiPickerProject;
				SDKROOT = macosx;
				SWIFT_VERSION = 5.0;
			};
			name = Debug;
		};
		D920CE4626AA5D45009EB42B /* Release */ = {
			isa = XCBuildConfiguration;
			buildSettings = {
				ASSETCATALOG_COMPILER_APPICON_NAME = AppIcon;
				ASSETCATALOG_COMPILER_GLOBAL_ACCENT_COLOR_NAME = AccentColor;
				CODE_SIGN_ENTITLEMENTS = macOS/macOS.entitlements;
				CODE_SIGN_STYLE = Automatic;
				COMBINE_HIDPI_IMAGES = YES;
				DEVELOPMENT_TEAM = C2JSJLJ4FN;
				ENABLE_HARDENED_RUNTIME = YES;
				ENABLE_PREVIEWS = YES;
				INFOPLIST_FILE = macOS/Info.plist;
				LD_RUNPATH_SEARCH_PATHS = (
					"$(inherited)",
					"@executable_path/../Frameworks",
				);
				MACOSX_DEPLOYMENT_TARGET = 11.0;
				PRODUCT_BUNDLE_IDENTIFIER = com.jeonggo.GEmojiPickerProject;
				PRODUCT_NAME = GEmojiPickerProject;
				SDKROOT = macosx;
				SWIFT_VERSION = 5.0;
			};
			name = Release;
		};
/* End XCBuildConfiguration section */

/* Begin XCConfigurationList section */
		D920CE2426AA5D3F009EB42B /* Build configuration list for PBXProject "GEmojiPickerProject" */ = {
			isa = XCConfigurationList;
			buildConfigurations = (
				D920CE3F26AA5D45009EB42B /* Debug */,
				D920CE4026AA5D45009EB42B /* Release */,
			);
			defaultConfigurationIsVisible = 0;
			defaultConfigurationName = Release;
		};
		D920CE4126AA5D45009EB42B /* Build configuration list for PBXNativeTarget "GEmojiPickerProject (iOS)" */ = {
			isa = XCConfigurationList;
			buildConfigurations = (
				D920CE4226AA5D45009EB42B /* Debug */,
				D920CE4326AA5D45009EB42B /* Release */,
			);
			defaultConfigurationIsVisible = 0;
			defaultConfigurationName = Release;
		};
		D920CE4426AA5D45009EB42B /* Build configuration list for PBXNativeTarget "GEmojiPickerProject (macOS)" */ = {
			isa = XCConfigurationList;
			buildConfigurations = (
				D920CE4526AA5D45009EB42B /* Debug */,
				D920CE4626AA5D45009EB42B /* Release */,
			);
			defaultConfigurationIsVisible = 0;
			defaultConfigurationName = Release;
		};
/* End XCConfigurationList section */
	};
	rootObject = D920CE2126AA5D3F009EB42B /* Project object */;
}
